
Microsoft Visual Studio Solution File, Format Version 11.00
# Visual Studio 2010
Project("{FAE04EC0-301F-11D3-BF4B-00C04F79EFBC}") = "ThoughtWorks.Dojo.LuckyDraw", "ThoughtWorks.Dojo.LuckyDraw\ThoughtWorks.Dojo.LuckyDraw.csproj", "{68D4BA93-2FC3-4F03-B15D-7646B4A58CE4}"
EndProject
Project("{FAE04EC0-301F-11D3-BF4B-00C04F79EFBC}") = "ThoughtWorks.Dojo.LuckyDraw.Test", "ThoughtWorks.Dojo.LuckyDraw.Test\ThoughtWorks.Dojo.LuckyDraw.Test.csproj", "{73F23971-5754-49FF-919A-6D489D77E8F4}"
EndProject
Global
	GlobalSection(SolutionConfigurationPlatforms) = preSolution
		Debug|Any CPU = Debug|Any CPU
		Release|Any CPU = Release|Any CPU
	EndGlobalSection
	GlobalSection(ProjectConfigurationPlatforms) = postSolution
		{68D4BA93-2FC3-4F03-B15D-7646B4A58CE4}.Debug|Any CPU.ActiveCfg = Debug|Any CPU
		{68D4BA93-2FC3-4F03-B15D-7646B4A58CE4}.Debug|Any CPU.Build.0 = Debug|Any CPU
		{68D4BA93-2FC3-4F03-B15D-7646B4A58CE4}.Release|Any CPU.ActiveCfg = Release|Any CPU
		{68D4BA93-2FC3-4F03-B15D-7646B4A58CE4}.Release|Any CPU.Build.0 = Release|Any CPU
		{73F23971-5754-49FF-919A-6D489D77E8F4}.Debug|Any CPU.ActiveCfg = Debug|Any CPU
		{73F23971-5754-49FF-919A-6D489D77E8F4}.Debug|Any CPU.Build.0 = Debug|Any CPU
		{73F23971-5754-49FF-919A-6D489D77E8F4}.Release|Any CPU.ActiveCfg = Release|Any CPU
		{73F23971-5754-49FF-919A-6D489D77E8F4}.Release|Any CPU.Build.0 = Release|Any CPU
	EndGlobalSection
	GlobalSection(SolutionProperties) = preSolution
		HideSolutionNode = FALSE
	EndGlobalSection
EndGlobal
